
Microsoft Visual Studio Solution File, Format Version 12.00
# Visual Studio Version 16
VisualStudioVersion = 16.0.32802.440
MinimumVisualStudioVersion = 10.0.40219.1
Project("{FAE04EC0-301F-11D3-BF4B-00C04F79EFBC}") = "MvcBookStore", "MvcBookStore\MvcBookStore.csproj", "{47DD55CC-0655-4F18-AF77-10C658276A23}"
EndProject
Global
	GlobalSection(SolutionConfigurationPlatforms) = preSolution
		Debug|Any CPU = Debug|Any CPU
		Release|Any CPU = Release|Any CPU
	EndGlobalSection
	GlobalSection(ProjectConfigurationPlatforms) = postSolution
		{47DD55CC-0655-4F18-AF77-10C658276A23}.Debug|Any CPU.ActiveCfg = Debug|Any CPU
		{47DD55CC-0655-4F18-AF77-10C658276A23}.Debug|Any CPU.Build.0 = Debug|Any CPU
		{47DD55CC-0655-4F18-AF77-10C658276A23}.Release|Any CPU.ActiveCfg = Release|Any CPU
		{47DD55CC-0655-4F18-AF77-10C658276A23}.Release|Any CPU.Build.0 = Release|Any CPU
	EndGlobalSection
	GlobalSection(SolutionProperties) = preSolution
		HideSolutionNode = FALSE
	EndGlobalSection
	GlobalSection(ExtensibilityGlobals) = postSolution
		SolutionGuid = {73F0CBB8-89BA-4A33-92F2-E567E8BCBDB6}
	EndGlobalSection
EndGlobal
